
Microsoft Visual Studio Solution File, Format Version 12.00
# Visual Studio Version 17
VisualStudioVersion = 17.7.34202.233
MinimumVisualStudioVersion = 10.0.40219.1
Project("{FAE04EC0-301F-11D3-BF4B-00C04F79EFBC}") = "calculator", "calculator\calculator.csproj", "{9E037E61-6FEE-439E-A636-DE792B5E3E23}"
EndProject
Global
	GlobalSection(SolutionConfigurationPlatforms) = preSolution
		Debug|Any CPU = Debug|Any CPU
		Release|Any CPU = Release|Any CPU
	EndGlobalSection
	GlobalSection(ProjectConfigurationPlatforms) = postSolution
		{9E037E61-6FEE-439E-A636-DE792B5E3E23}.Debug|Any CPU.ActiveCfg = Debug|Any CPU
		{9E037E61-6FEE-439E-A636-DE792B5E3E23}.Debug|Any CPU.Build.0 = Debug|Any CPU
		{9E037E61-6FEE-439E-A636-DE792B5E3E23}.Release|Any CPU.ActiveCfg = Release|Any CPU
		{9E037E61-6FEE-439E-A636-DE792B5E3E23}.Release|Any CPU.Build.0 = Release|Any CPU
	EndGlobalSection
	GlobalSection(SolutionProperties) = preSolution
		HideSolutionNode = FALSE
	EndGlobalSection
	GlobalSection(ExtensibilityGlobals) = postSolution
		SolutionGuid = {AEFBE272-FB56-4C6D-8E93-F5A59D85E108}
	EndGlobalSection
EndGlobal
